// !$*UTF8*$!
{
	archiveVersion = 1;
	classes = {
	};
	objectVersion = 46;
	objects = {

/* Begin PBXBuildFile section */
		CFA17F3E1C7D4D6D00A501E3 /* SJRootViewController.m in Sources */ = {isa = PBXBuildFile; fileRef = CFA17F3D1C7D4D6D00A501E3 /* SJRootViewController.m */; };
		CFE1718A1C7D4C220005BC0A /* main.m in Sources */ = {isa = PBXBuildFile; fileRef = CFE171891C7D4C220005BC0A /* main.m */; };
		CFE1718D1C7D4C220005BC0A /* AppDelegate.m in Sources */ = {isa = PBXBuildFile; fileRef = CFE1718C1C7D4C220005BC0A /* AppDelegate.m */; };
		CFE171931C7D4C220005BC0A /* Main.storyboard in Resources */ = {isa = PBXBuildFile; fileRef = CFE171911C7D4C220005BC0A /* Main.storyboard */; };
		CFE171951C7D4C220005BC0A /* Assets.xcassets in Resources */ = {isa = PBXBuildFile; fileRef = CFE171941C7D4C220005BC0A /* Assets.xcassets */; };
		CFE171981C7D4C220005BC0A /* LaunchScreen.storyboard in Resources */ = {isa = PBXBuildFile; fileRef = CFE171961C7D4C220005BC0A /* LaunchScreen.storyboard */; };
/* End PBXBuildFile section */

/* Begin PBXFileReference section */
		CFA17F3C1C7D4D6D00A501E3 /* SJRootViewController.h */ = {isa = PBXFileReference; fileEncoding = 4; lastKnownFileType = sourcecode.c.h; path = SJRootViewController.h; sourceTree = "<group>"; };
		CFA17F3D1C7D4D6D00A501E3 /* SJRootViewController.m */ = {isa = PBXFileReference; fileEncoding = 4; lastKnownFileType = sourcecode.c.objc; path = SJRootViewController.m; sourceTree = "<group>"; };
		CFE171851C7D4C220005BC0A /* SJMedia.app */ = {isa = PBXFileReference; explicitFileType = wrapper.application; includeInIndex = 0; path = SJMedia.app; sourceTree = BUILT_PRODUCTS_DIR; };
		CFE171891C7D4C220005BC0A /* main.m */ = {isa = PBXFileReference; lastKnownFileType = sourcecode.c.objc; path = main.m; sourceTree = "<group>"; };
		CFE1718B1C7D4C220005BC0A /* AppDelegate.h */ = {isa = PBXFileReference; lastKnownFileType = sourcecode.c.h; path = AppDelegate.h; sourceTree = "<group>"; };
		CFE1718C1C7D4C220005BC0A /* AppDelegate.m */ = {isa = PBXFileReference; lastKnownFileType = sourcecode.c.objc; path = AppDelegate.m; sourceTree = "<group>"; };
		CFE171921C7D4C220005BC0A /* Base */ = {isa = PBXFileReference; lastKnownFileType = file.storyboard; name = Base; path = Base.lproj/Main.storyboard; sourceTree = "<group>"; };
		CFE171941C7D4C220005BC0A /* Assets.xcassets */ = {isa = PBXFileReference; lastKnownFileType = folder.assetcatalog; path = Assets.xcassets; sourceTree = "<group>"; };
		CFE171971C7D4C220005BC0A /* Base */ = {isa = PBXFileReference; lastKnownFileType = file.storyboard; name = Base; path = Base.lproj/LaunchScreen.storyboard; sourceTree = "<group>"; };
		CFE171991C7D4C220005BC0A /* Info.plist */ = {isa = PBXFileReference; lastKnownFileType = text.plist.xml; path = Info.plist; sourceTree = "<group>"; };
/* End PBXFileReference section */

/* Begin PBXFrameworksBuildPhase section */
		CFE171821C7D4C220005BC0A /* Frameworks */ = {
			isa = PBXFrameworksBuildPhase;
			buildActionMask = 2147483647;
			files = (
			);
			runOnlyForDeploymentPostprocessing = 0;
		};
/* End PBXFrameworksBuildPhase section */

/* Begin PBXGroup section */
		CFA17F371C7D4D2100A501E3 /* Model */ = {
			isa = PBXGroup;
			children = (
			);
			path = Model;
			sourceTree = "<group>";
		};
		CFA17F381C7D4D2100A501E3 /* View */ = {
			isa = PBXGroup;
			children = (
			);
			path = View;
			sourceTree = "<group>";
		};
		CFA17F391C7D4D2100A501E3 /* ViewController */ = {
			isa = PBXGroup;
			children = (
				CFA17F3A1C7D4D5200A501E3 /* AudioQueueServices */,
				CFA17F3B1C7D4D5200A501E3 /* RootViewController */,
			);
			path = ViewController;
			sourceTree = "<group>";
		};
		CFA17F3A1C7D4D5200A501E3 /* AudioQueueServices */ = {
			isa = PBXGroup;
			children = (
			);
			path = AudioQueueServices;
			sourceTree = "<group>";
		};
		CFA17F3B1C7D4D5200A501E3 /* RootViewController */ = {
			isa = PBXGroup;
			children = (
				CFA17F3C1C7D4D6D00A501E3 /* SJRootViewController.h */,
				CFA17F3D1C7D4D6D00A501E3 /* SJRootViewController.m */,
			);
			path = RootViewController;
			sourceTree = "<group>";
		};
		CFE1717C1C7D4C220005BC0A = {
			isa = PBXGroup;
			children = (
				CFE171871C7D4C220005BC0A /* SJMedia */,
				CFE171861C7D4C220005BC0A /* Products */,
			);
			sourceTree = "<group>";
		};
		CFE171861C7D4C220005BC0A /* Products */ = {
			isa = PBXGroup;
			children = (
				CFE171851C7D4C220005BC0A /* SJMedia.app */,
			);
			name = Products;
			sourceTree = "<group>";
		};
		CFE171871C7D4C220005BC0A /* SJMedia */ = {
			isa = PBXGroup;
			children = (
				CFA17F371C7D4D2100A501E3 /* Model */,
				CFA17F381C7D4D2100A501E3 /* View */,
				CFA17F391C7D4D2100A501E3 /* ViewController */,
				CFE171881C7D4C220005BC0A /* Supporting Files */,
			);
			path = SJMedia;
			sourceTree = "<group>";
		};
		CFE171881C7D4C220005BC0A /* Supporting Files */ = {
			isa = PBXGroup;
			children = (
				CFE171891C7D4C220005BC0A /* main.m */,
				CFE1718B1C7D4C220005BC0A /* AppDelegate.h */,
				CFE1718C1C7D4C220005BC0A /* AppDelegate.m */,
				CFE171911C7D4C220005BC0A /* Main.storyboard */,
				CFE171941C7D4C220005BC0A /* Assets.xcassets */,
				CFE171961C7D4C220005BC0A /* LaunchScreen.storyboard */,
				CFE171991C7D4C220005BC0A /* Info.plist */,
			);
			name = "Supporting Files";
			sourceTree = "<group>";
		};
/* End PBXGroup section */

/* Begin PBXNativeTarget section */
		CFE171841C7D4C220005BC0A /* SJMedia */ = {
			isa = PBXNativeTarget;
			buildConfigurationList = CFE1719C1C7D4C220005BC0A /* Build configuration list for PBXNativeTarget "SJMedia" */;
			buildPhases = (
				CFE171811C7D4C220005BC0A /* Sources */,
				CFE171821C7D4C220005BC0A /* Frameworks */,
				CFE171831C7D4C220005BC0A /* Resources */,
			);
			buildRules = (
			);
			dependencies = (
			);
			name = SJMedia;
			productName = SJMedia;
			productReference = CFE171851C7D4C220005BC0A /* SJMedia.app */;
			productType = "com.apple.product-type.application";
		};
/* End PBXNativeTarget section */

/* Begin PBXProject section */
		CFE1717D1C7D4C220005BC0A /* Project object */ = {
			isa = PBXProject;
			attributes = {
				LastUpgradeCheck = 0720;
				ORGANIZATIONNAME = shejun.zhou;
				TargetAttributes = {
					CFE171841C7D4C220005BC0A = {
						CreatedOnToolsVersion = 7.2;
					};
				};
			};
			buildConfigurationList = CFE171801C7D4C220005BC0A /* Build configuration list for PBXProject "SJMedia" */;
			compatibilityVersion = "Xcode 3.2";
			developmentRegion = English;
			hasScannedForEncodings = 0;
			knownRegions = (
				en,
				Base,
			);
			mainGroup = CFE1717C1C7D4C220005BC0A;
			productRefGroup = CFE171861C7D4C220005BC0A /* Products */;
			projectDirPath = "";
			projectRoot = "";
			targets = (
				CFE171841C7D4C220005BC0A /* SJMedia */,
			);
		};
/* End PBXProject section */

/* Begin PBXResourcesBuildPhase section */
		CFE171831C7D4C220005BC0A /* Resources */ = {
			isa = PBXResourcesBuildPhase;
			buildActionMask = 2147483647;
			files = (
				CFE171981C7D4C220005BC0A /* LaunchScreen.storyboard in Resources */,
				CFE171951C7D4C220005BC0A /* Assets.xcassets in Resources */,
				CFE171931C7D4C220005BC0A /* Main.storyboard in Resources */,
			);
			runOnlyForDeploymentPostprocessing = 0;
		};
/* End PBXResourcesBuildPhase section */

/* Begin PBXSourcesBuildPhase section */
		CFE171811C7D4C220005BC0A /* Sources */ = {
			isa = PBXSourcesBuildPhase;
			buildActionMask = 2147483647;
			files = (
				CFE1718D1C7D4C220005BC0A /* AppDelegate.m in Sources */,
				CFE1718A1C7D4C220005BC0A /* main.m in Sources */,
				CFA17F3E1C7D4D6D00A501E3 /* SJRootViewController.m in Sources */,
			);
			runOnlyForDeploymentPostprocessing = 0;
		};
/* End PBXSourcesBuildPhase section */

/* Begin PBXVariantGroup section */
		CFE171911C7D4C220005BC0A /* Main.storyboard */ = {
			isa = PBXVariantGroup;
			children = (
				CFE171921C7D4C220005BC0A /* Base */,
			);
			name = Main.storyboard;
			sourceTree = "<group>";
		};
		CFE171961C7D4C220005BC0A /* LaunchScreen.storyboard */ = {
			isa = PBXVariantGroup;
			children = (
				CFE171971C7D4C220005BC0A /* Base */,
			);
			name = LaunchScreen.storyboard;
			sourceTree = "<group>";
		};
/* End PBXVariantGroup section */

/* Begin XCBuildConfiguration section */
		CFE1719A1C7D4C220005BC0A /* Debug */ = {
			isa = XCBuildConfiguration;
			buildSettings = {
				ALWAYS_SEARCH_USER_PATHS = NO;
				CLANG_CXX_LANGUAGE_STANDARD = "gnu++0x";
				CLANG_CXX_LIBRARY = "libc++";
				CLANG_ENABLE_MODULES = YES;
				CLANG_ENABLE_OBJC_ARC = YES;
				CLANG_WARN_BOOL_CONVERSION = YES;
				CLANG_WARN_CONSTANT_CONVERSION = YES;
				CLANG_WARN_DIRECT_OBJC_ISA_USAGE = YES_ERROR;
				CLANG_WARN_EMPTY_BODY = YES;
				CLANG_WARN_ENUM_CONVERSION = YES;
				CLANG_WARN_INT_CONVERSION = YES;
				CLANG_WARN_OBJC_ROOT_CLASS = YES_ERROR;
				CLANG_WARN_UNREACHABLE_CODE = YES;
				CLANG_WARN__DUPLICATE_METHOD_MATCH = YES;
				"CODE_SIGN_IDENTITY[sdk=iphoneos*]" = "iPhone Developer";
				COPY_PHASE_STRIP = NO;
				DEBUG_INFORMATION_FORMAT = dwarf;
				ENABLE_STRICT_OBJC_MSGSEND = YES;
				ENABLE_TESTABILITY = YES;
				GCC_C_LANGUAGE_STANDARD = gnu99;
				GCC_DYNAMIC_NO_PIC = NO;
				GCC_NO_COMMON_BLOCKS = YES;
				GCC_OPTIMIZATION_LEVEL = 0;
				GCC_PREPROCESSOR_DEFINITIONS = (
					"DEBUG=1",
					"$(inherited)",
				);
				GCC_WARN_64_TO_32_BIT_CONVERSION = YES;
				GCC_WARN_ABOUT_RETURN_TYPE = YES_ERROR;
				GCC_WARN_UNDECLARED_SELECTOR = YES;
				GCC_WARN_UNINITIALIZED_AUTOS = YES_AGGRESSIVE;
				GCC_WARN_UNUSED_FUNCTION = YES;
				GCC_WARN_UNUSED_VARIABLE = YES;
				IPHONEOS_DEPLOYMENT_TARGET = 8.0;
				MTL_ENABLE_DEBUG_INFO = YES;
				ONLY_ACTIVE_ARCH = YES;
				SDKROOT = iphoneos;
				TARGETED_DEVICE_FAMILY = "1,2";
			};
			name = Debug;
		};
		CFE1719B1C7D4C220005BC0A /* Release */ = {
			isa = XCBuildConfiguration;
			buildSettings = {
				ALWAYS_SEARCH_USER_PATHS = NO;
				CLANG_CXX_LANGUAGE_STANDARD = "gnu++0x";
				CLANG_CXX_LIBRARY = "libc++";
				CLANG_ENABLE_MODULES = YES;
				CLANG_ENABLE_OBJC_ARC = YES;
				CLANG_WARN_BOOL_CONVERSION = YES;
				CLANG_WARN_CONSTANT_CONVERSION = YES;
				CLANG_WARN_DIRECT_OBJC_ISA_USAGE = YES_ERROR;
				CLANG_WARN_EMPTY_BODY = YES;
				CLANG_WARN_ENUM_CONVERSION = YES;
				CLANG_WARN_INT_CONVERSION = YES;
				CLANG_WARN_OBJC_ROOT_CLASS = YES_ERROR;
				CLANG_WARN_UNREACHABLE_CODE = YES;
				CLANG_WARN__DUPLICATE_METHOD_MATCH = YES;
				"CODE_SIGN_IDENTITY[sdk=iphoneos*]" = "iPhone Developer";
				COPY_PHASE_STRIP = NO;
				DEBUG_INFORMATION_FORMAT = "dwarf-with-dsym";
				ENABLE_NS_ASSERTIONS = NO;
				ENABLE_STRICT_OBJC_MSGSEND = YES;
				GCC_C_LANGUAGE_STANDARD = gnu99;
				GCC_NO_COMMON_BLOCKS = YES;
				GCC_WARN_64_TO_32_BIT_CONVERSION = YES;
				GCC_WARN_ABOUT_RETURN_TYPE = YES_ERROR;
				GCC_WARN_UNDECLARED_SELECTOR = YES;
				GCC_WARN_UNINITIALIZED_AUTOS = YES_AGGRESSIVE;
				GCC_WARN_UNUSED_FUNCTION = YES;
				GCC_WARN_UNUSED_VARIABLE = YES;
				IPHONEOS_DEPLOYMENT_TARGET = 8.0;
				MTL_ENABLE_DEBUG_INFO = NO;
				SDKROOT = iphoneos;
				TARGETED_DEVICE_FAMILY = "1,2";
				VALIDATE_PRODUCT = YES;
			};
			name = Release;
		};
		CFE1719D1C7D4C220005BC0A /* Debug */ = {
			isa = XCBuildConfiguration;
			buildSettings = {
				ASSETCATALOG_COMPILER_APPICON_NAME = AppIcon;
				INFOPLIST_FILE = SJMedia/Info.plist;
				LD_RUNPATH_SEARCH_PATHS = "$(inherited) @executable_path/Frameworks";
				PRODUCT_BUNDLE_IDENTIFIER = com.fx.YiBan.SJMedia;
				PRODUCT_NAME = "$(TARGET_NAME)";
			};
			name = Debug;
		};
		CFE1719E1C7D4C220005BC0A /* Release */ = {
			isa = XCBuildConfiguration;
			buildSettings = {
				ASSETCATALOG_COMPILER_APPICON_NAME = AppIcon;
				INFOPLIST_FILE = SJMedia/Info.plist;
				LD_RUNPATH_SEARCH_PATHS = "$(inherited) @executable_path/Frameworks";
				PRODUCT_BUNDLE_IDENTIFIER = com.fx.YiBan.SJMedia;
				PRODUCT_NAME = "$(TARGET_NAME)";
			};
			name = Release;
		};
/* End XCBuildConfiguration section */

/* Begin XCConfigurationList section */
		CFE171801C7D4C220005BC0A /* Build configuration list for PBXProject "SJMedia" */ = {
			isa = XCConfigurationList;
			buildConfigurations = (
				CFE1719A1C7D4C220005BC0A /* Debug */,
				CFE1719B1C7D4C220005BC0A /* Release */,
			);
			defaultConfigurationIsVisible = 0;
			defaultConfigurationName = Release;
		};
		CFE1719C1C7D4C220005BC0A /* Build configuration list for PBXNativeTarget "SJMedia" */ = {
			isa = XCConfigurationList;
			buildConfigurations = (
				CFE1719D1C7D4C220005BC0A /* Debug */,
				CFE1719E1C7D4C220005BC0A /* Release */,
			);
			defaultConfigurationIsVisible = 0;
			defaultConfigurationName = Release;
		};
/* End XCConfigurationList section */
	};
	rootObject = CFE1717D1C7D4C220005BC0A /* Project object */;
}
